
Microsoft Visual Studio Solution File, Format Version 12.00
# Visual Studio Version 16
VisualStudioVersion = 16.0.30011.22
MinimumVisualStudioVersion = 10.0.40219.1
Project("{FAE04EC0-301F-11D3-BF4B-00C04F79EFBC}") = "Reflection", "Reflection\Reflection.csproj", "{8ABD70DA-258B-4E81-875E-ACC393C55775}"
EndProject
Global
	GlobalSection(SolutionConfigurationPlatforms) = preSolution
		Debug|Any CPU = Debug|Any CPU
		Release|Any CPU = Release|Any CPU
	EndGlobalSection
	GlobalSection(ProjectConfigurationPlatforms) = postSolution
		{8ABD70DA-258B-4E81-875E-ACC393C55775}.Debug|Any CPU.ActiveCfg = Debug|Any CPU
		{8ABD70DA-258B-4E81-875E-ACC393C55775}.Debug|Any CPU.Build.0 = Debug|Any CPU
		{8ABD70DA-258B-4E81-875E-ACC393C55775}.Release|Any CPU.ActiveCfg = Release|Any CPU
		{8ABD70DA-258B-4E81-875E-ACC393C55775}.Release|Any CPU.Build.0 = Release|Any CPU
	EndGlobalSection
	GlobalSection(SolutionProperties) = preSolution
		HideSolutionNode = FALSE
	EndGlobalSection
	GlobalSection(ExtensibilityGlobals) = postSolution
		SolutionGuid = {93CB2F6C-7949-4C61-874F-E9D29773D4CF}
	EndGlobalSection
EndGlobal
