
Microsoft Visual Studio Solution File, Format Version 12.00
# Visual Studio Version 16
VisualStudioVersion = 16.0.30225.117
MinimumVisualStudioVersion = 10.0.40219.1
Project("{FAE04EC0-301F-11D3-BF4B-00C04F79EFBC}") = "1_login", "lab5\1_login.csproj", "{FB7ABDC4-4E28-43D4-8F2F-94D6DFB685E5}"
EndProject
Project("{FAE04EC0-301F-11D3-BF4B-00C04F79EFBC}") = "2_3_message", "Strings\2_3_message.csproj", "{522D145B-F070-47BC-89FC-775ED4A266F2}"
EndProject
Project("{FAE04EC0-301F-11D3-BF4B-00C04F79EFBC}") = "4_ExamTask", "ExamTask\4_ExamTask.csproj", "{7692C058-CD70-4C32-848E-00BEFC09E677}"
EndProject
Global
	GlobalSection(SolutionConfigurationPlatforms) = preSolution
		Debug|Any CPU = Debug|Any CPU
		Release|Any CPU = Release|Any CPU
	EndGlobalSection
	GlobalSection(ProjectConfigurationPlatforms) = postSolution
		{FB7ABDC4-4E28-43D4-8F2F-94D6DFB685E5}.Debug|Any CPU.ActiveCfg = Debug|Any CPU
		{FB7ABDC4-4E28-43D4-8F2F-94D6DFB685E5}.Debug|Any CPU.Build.0 = Debug|Any CPU
		{FB7ABDC4-4E28-43D4-8F2F-94D6DFB685E5}.Release|Any CPU.ActiveCfg = Release|Any CPU
		{FB7ABDC4-4E28-43D4-8F2F-94D6DFB685E5}.Release|Any CPU.Build.0 = Release|Any CPU
		{522D145B-F070-47BC-89FC-775ED4A266F2}.Debug|Any CPU.ActiveCfg = Debug|Any CPU
		{522D145B-F070-47BC-89FC-775ED4A266F2}.Debug|Any CPU.Build.0 = Debug|Any CPU
		{522D145B-F070-47BC-89FC-775ED4A266F2}.Release|Any CPU.ActiveCfg = Release|Any CPU
		{522D145B-F070-47BC-89FC-775ED4A266F2}.Release|Any CPU.Build.0 = Release|Any CPU
		{7692C058-CD70-4C32-848E-00BEFC09E677}.Debug|Any CPU.ActiveCfg = Debug|Any CPU
		{7692C058-CD70-4C32-848E-00BEFC09E677}.Debug|Any CPU.Build.0 = Debug|Any CPU
		{7692C058-CD70-4C32-848E-00BEFC09E677}.Release|Any CPU.ActiveCfg = Release|Any CPU
		{7692C058-CD70-4C32-848E-00BEFC09E677}.Release|Any CPU.Build.0 = Release|Any CPU
	EndGlobalSection
	GlobalSection(SolutionProperties) = preSolution
		HideSolutionNode = FALSE
	EndGlobalSection
	GlobalSection(ExtensibilityGlobals) = postSolution
		SolutionGuid = {4551AB47-1CF5-45AA-A632-CAF2E5DB1603}
	EndGlobalSection
EndGlobal
